
Microsoft Visual Studio Solution File, Format Version 12.00
# Visual Studio Version 16
VisualStudioVersion = 16.0.31129.286
MinimumVisualStudioVersion = 10.0.40219.1
Project("{FAE04EC0-301F-11D3-BF4B-00C04F79EFBC}") = "Projet_Onssa_Web_Mvc", "Projet_Onssa_Web_Mvc.csproj", "{26D6B042-8337-4650-A8CB-48977E80023A}"
EndProject
Global
	GlobalSection(SolutionConfigurationPlatforms) = preSolution
		Debug|Any CPU = Debug|Any CPU
		Release|Any CPU = Release|Any CPU
	EndGlobalSection
	GlobalSection(ProjectConfigurationPlatforms) = postSolution
		{26D6B042-8337-4650-A8CB-48977E80023A}.Debug|Any CPU.ActiveCfg = Debug|Any CPU
		{26D6B042-8337-4650-A8CB-48977E80023A}.Debug|Any CPU.Build.0 = Debug|Any CPU
		{26D6B042-8337-4650-A8CB-48977E80023A}.Release|Any CPU.ActiveCfg = Release|Any CPU
		{26D6B042-8337-4650-A8CB-48977E80023A}.Release|Any CPU.Build.0 = Release|Any CPU
	EndGlobalSection
	GlobalSection(SolutionProperties) = preSolution
		HideSolutionNode = FALSE
	EndGlobalSection
	GlobalSection(ExtensibilityGlobals) = postSolution
		SolutionGuid = {DDCBF326-9103-413D-895C-B7C54AF21915}
	EndGlobalSection
EndGlobal
